<?xml version="1.0" encoding="utf-8"?>
<Project ToolsVersion="4.0" xmlns="http://schemas.microsoft.com/developer/msbuild/2003">
  <ItemGroup>
    <Filter Include="Source Files">
      <UniqueIdentifier>{4FC737F1-C7A5-4376-A066-2A32D752A2FF}</UniqueIdentifier>
      <Extensions>cpp;c;cc;cxx;def;odl;idl;hpj;bat;asm;asmx</Extensions>
    </Filter>
    <Filter Include="Header Files">
      <UniqueIdentifier>{93995380-89BD-4b04-88EB-625FBE52EBFB}</UniqueIdentifier>
      <Extensions>h;hpp;hxx;hm;inl;inc;xsd</Extensions>
    </Filter>
  </ItemGroup>
  <ItemGroup>
    <None Include="Makefile" />
  </ItemGroup>
  <ItemGroup>
    <ClInclude Include="stdafx.h">
      <Filter>Header Files</Filter>
    </ClInclude>
    <ClInclude Include="targetver.h">
      <Filter>Header Files</Filter>
    </ClInclude>
    <ClInclude Include="libgraphs.h">
      <Filter>Header Files</Filter>
    </ClInclude>
    <ClInclude Include="link.h">
      <Filter>Header Files</Filter>
    </ClInclude>
    <ClInclude Include="netfactory.h">
      <Filter>Header Files</Filter>
    </ClInclude>
    <ClInclude Include="node.h">
      <Filter>Header Files</Filter>
    </ClInclude>
    <ClInclude Include="blkmem.h">
      <Filter>Header Files</Filter>
    </ClInclude>
    <ClInclude Include="cols.h">
      <Filter>Header Files</Filter>
    </ClInclude>
    <ClInclude Include="graph.h">
      <Filter>Header Files</Filter>
    </ClInclude>
    <ClInclude Include="alg.h">
      <Filter>Header Files</Filter>
    </ClInclude>
    <ClInclude Include="parsers.h">
      <Filter>Header Files</Filter>
    </ClInclude>
    <ClInclude Include="writers.h">
      <Filter>Header Files</Filter>
    </ClInclude>
    <ClInclude Include="sfdistr.h">
      <Filter>Header Files</Filter>
    </ClInclude>
    <ClInclude Include="bgraph.h">
      <Filter>Header Files</Filter>
    </ClInclude>
    <ClInclude Include="bnode.h">
      <Filter>Header Files</Filter>
    </ClInclude>
    <ClInclude Include="circgraph.h">
      <Filter>Header Files</Filter>
    </ClInclude>
    <ClInclude Include="circnode.h">
      <Filter>Header Files</Filter>
    </ClInclude>
    <ClInclude Include="circnodeparser.h">
      <Filter>Header Files</Filter>
    </ClInclude>
    <ClInclude Include="circnodewriter.h">
      <Filter>Header Files</Filter>
    </ClInclude>
  </ItemGroup>
  <ItemGroup>
    <ClCompile Include="stdafx.cpp">
      <Filter>Source Files</Filter>
    </ClCompile>
    <ClCompile Include="dllmain.cpp">
      <Filter>Source Files</Filter>
    </ClCompile>
    <ClCompile Include="cols.cpp">
      <Filter>Source Files</Filter>
    </ClCompile>
    <ClCompile Include="alg.cpp">
      <Filter>Source Files</Filter>
    </ClCompile>
    <ClCompile Include="graph.cpp">
      <Filter>Source Files</Filter>
    </ClCompile>
    <ClCompile Include="link.cpp">
      <Filter>Source Files</Filter>
    </ClCompile>
    <ClCompile Include="writers.cpp">
      <Filter>Source Files</Filter>
    </ClCompile>
    <ClCompile Include="sfdistr.cpp">
      <Filter>Source Files</Filter>
    </ClCompile>
    <ClCompile Include="bgraph.cpp">
      <Filter>Source Files</Filter>
    </ClCompile>
    <ClCompile Include="circgraph.cpp">
      <Filter>Source Files</Filter>
    </ClCompile>
    <ClCompile Include="circnodewriter.cpp">
      <Filter>Source Files</Filter>
    </ClCompile>
  </ItemGroup>
</Project>